
Microsoft Visual Studio Solution File, Format Version 12.00
# Visual Studio Version 16
VisualStudioVersion = 16.0.30523.141
MinimumVisualStudioVersion = 10.0.40219.1
Project("{FAE04EC0-301F-11D3-BF4B-00C04F79EFBC}") = "ImageList1", "ImageList1\ImageList1.csproj", "{B24FC19E-3955-4AA6-BB76-77DD0BBB56F7}"
EndProject
Global
	GlobalSection(SolutionConfigurationPlatforms) = preSolution
		Debug|Any CPU = Debug|Any CPU
		Release|Any CPU = Release|Any CPU
	EndGlobalSection
	GlobalSection(ProjectConfigurationPlatforms) = postSolution
		{B24FC19E-3955-4AA6-BB76-77DD0BBB56F7}.Debug|Any CPU.ActiveCfg = Debug|Any CPU
		{B24FC19E-3955-4AA6-BB76-77DD0BBB56F7}.Debug|Any CPU.Build.0 = Debug|Any CPU
		{B24FC19E-3955-4AA6-BB76-77DD0BBB56F7}.Release|Any CPU.ActiveCfg = Release|Any CPU
		{B24FC19E-3955-4AA6-BB76-77DD0BBB56F7}.Release|Any CPU.Build.0 = Release|Any CPU
	EndGlobalSection
	GlobalSection(SolutionProperties) = preSolution
		HideSolutionNode = FALSE
	EndGlobalSection
	GlobalSection(ExtensibilityGlobals) = postSolution
		SolutionGuid = {2AC95BC9-956B-4B97-9FAE-387BDC3DFCA3}
	EndGlobalSection
EndGlobal
